
Microsoft Visual Studio Solution File, Format Version 12.00
# Visual Studio 14
VisualStudioVersion = 14.0.25420.1
MinimumVisualStudioVersion = 10.0.40219.1
Project("{FAE04EC0-301F-11D3-BF4B-00C04F79EFBC}") = "simple_text_mining_library", "simple_text_mining_library.csproj", "{FD5E7DEA-DFCC-4607-AA83-42BDEF832376}"
EndProject
Project("{FAE04EC0-301F-11D3-BF4B-00C04F79EFBC}") = "simple_text_mining_sample_app", "simple_text_mining_sample_app\simple_text_mining_sample_app.csproj", "{C673351C-CA9F-4A25-8C89-7708ACFE16A5}"
EndProject
Global
	GlobalSection(SolutionConfigurationPlatforms) = preSolution
		Debug|Any CPU = Debug|Any CPU
		Release|Any CPU = Release|Any CPU
	EndGlobalSection
	GlobalSection(ProjectConfigurationPlatforms) = postSolution
		{FD5E7DEA-DFCC-4607-AA83-42BDEF832376}.Debug|Any CPU.ActiveCfg = Debug|Any CPU
		{FD5E7DEA-DFCC-4607-AA83-42BDEF832376}.Debug|Any CPU.Build.0 = Debug|Any CPU
		{FD5E7DEA-DFCC-4607-AA83-42BDEF832376}.Release|Any CPU.ActiveCfg = Release|Any CPU
		{FD5E7DEA-DFCC-4607-AA83-42BDEF832376}.Release|Any CPU.Build.0 = Release|Any CPU
		{C673351C-CA9F-4A25-8C89-7708ACFE16A5}.Debug|Any CPU.ActiveCfg = Debug|Any CPU
		{C673351C-CA9F-4A25-8C89-7708ACFE16A5}.Debug|Any CPU.Build.0 = Debug|Any CPU
		{C673351C-CA9F-4A25-8C89-7708ACFE16A5}.Release|Any CPU.ActiveCfg = Release|Any CPU
		{C673351C-CA9F-4A25-8C89-7708ACFE16A5}.Release|Any CPU.Build.0 = Release|Any CPU
	EndGlobalSection
	GlobalSection(SolutionProperties) = preSolution
		HideSolutionNode = FALSE
	EndGlobalSection
EndGlobal
